# THIS IS AN AUTOGENERATED FILE. DO NOT EDIT THIS FILE DIRECTLY.
# yarn lockfile v1


"@cspotcode/source-map-consumer@0.8.0":
  version "0.8.0"
  resolved "https://registry.nlark.com/@cspotcode/source-map-consumer/download/@cspotcode/source-map-consumer-0.8.0.tgz#33bf4b7b39c178821606f669bbc447a6a629786b"
  integrity sha1-M79LeznBeIIWBvZpu8RHpqYpeGs=

"@cspotcode/source-map-support@0.7.0":
  version "0.7.0"
  resolved "https://registry.npmmirror.com/@cspotcode/source-map-support/download/@cspotcode/source-map-support-0.7.0.tgz#4789840aa859e46d2f3173727ab707c66bf344f5"
  integrity sha1-R4mECqhZ5G0vMXNyercHxmvzRPU=
  dependencies:
    "@cspotcode/source-map-consumer" "0.8.0"

"@ethersproject/abi@5.5.0", "@ethersproject/abi@^5.5.0":
  version "5.5.0"
  resolved "https://registry.npmmirror.com/@ethersproject/abi/download/@ethersproject/abi-5.5.0.tgz?cache=0&sync_timestamp=1634691119054&other_urls=https%3A%2F%2Fregistry.npmmirror.com%2F%40ethersproject%2Fabi%2Fdownload%2F%40ethersproject%2Fabi-5.5.0.tgz#fb52820e22e50b854ff15ce1647cc508d6660613"
  integrity sha1-+1KCDiLlC4VP8VzhZHzFCNZmBhM=
  dependencies:
    "@ethersproject/address" "^5.5.0"
    "@ethersproject/bignumber" "^5.5.0"
    "@ethersproject/bytes" "^5.5.0"
    "@ethersproject/constants" "^5.5.0"
    "@ethersproject/hash" "^5.5.0"
    "@ethersproject/keccak256" "^5.5.0"
    "@ethersproject/logger" "^5.5.0"
    "@ethersproject/properties" "^5.5.0"
    "@ethersproject/strings" "^5.5.0"

"@ethersproject/abstract-provider@5.5.1", "@ethersproject/abstract-provider@^5.5.0":
  version "5.5.1"
  resolved "https://registry.npmmirror.com/@ethersproject/abstract-provider/download/@ethersproject/abstract-provider-5.5.1.tgz#2f1f6e8a3ab7d378d8ad0b5718460f85649710c5"
  integrity sha1-Lx9uijq303jYrQtXGEYPhWSXEMU=
  dependencies:
    "@ethersproject/bignumber" "^5.5.0"
    "@ethersproject/bytes" "^5.5.0"
    "@ethersproject/logger" "^5.5.0"
    "@ethersproject/networks" "^5.5.0"
    "@ethersproject/properties" "^5.5.0"
    "@ethersproject/transactions" "^5.5.0"
    "@ethersproject/web" "^5.5.0"

"@ethersproject/abstract-signer@5.5.0", "@ethersproject/abstract-signer@^5.5.0":
  version "5.5.0"
  resolved "https://registry.npmmirror.com/@ethersproject/abstract-signer/download/@ethersproject/abstract-signer-5.5.0.tgz?cache=0&sync_timestamp=1634691118857&other_urls=https%3A%2F%2Fregistry.npmmirror.com%2F%40ethersproject%2Fabstract-signer%2Fdownload%2F%40ethersproject%2Fabstract-signer-5.5.0.tgz#590ff6693370c60ae376bf1c7ada59eb2a8dd08d"
  integrity sha1-WQ/2aTNwxgrjdr8cetpZ6yqN0I0=
  dependencies:
    "@ethersproject/abstract-provider" "^5.5.0"
    "@ethersproject/bignumber" "^5.5.0"
    "@ethersproject/bytes" "^5.5.0"
    "@ethersproject/logger" "^5.5.0"
    "@ethersproject/properties" "^5.5.0"

"@ethersproject/address@5.5.0", "@ethersproject/address@^5.5.0":
  version "5.5.0"
  resolved "https://registry.npmmirror.com/@ethersproject/address/download/@ethersproject/address-5.5.0.tgz?cache=0&sync_timestamp=1634691117250&other_urls=https%3A%2F%2Fregistry.npmmirror.com%2F%40ethersproject%2Faddress%2Fdownload%2F%40ethersproject%2Faddress-5.5.0.tgz#bcc6f576a553f21f3dd7ba17248f81b473c9c78f"
  integrity sha1-vMb1dqVT8h8917oXJI+BtHPJx48=
  dependencies:
    "@ethersproject/bignumber" "^5.5.0"
    "@ethersproject/bytes" "^5.5.0"
    "@ethersproject/keccak256" "^5.5.0"
    "@ethersproject/logger" "^5.5.0"
    "@ethersproject/rlp" "^5.5.0"

"@ethersproject/base64@5.5.0", "@ethersproject/base64@^5.5.0":
  version "5.5.0"
  resolved "https://registry.npmmirror.com/@ethersproject/base64/download/@ethersproject/base64-5.5.0.tgz?cache=0&sync_timestamp=1634691115180&other_urls=https%3A%2F%2Fregistry.npmmirror.com%2F%40ethersproject%2Fbase64%2Fdownload%2F%40ethersproject%2Fbase64-5.5.0.tgz#881e8544e47ed976930836986e5eb8fab259c090"
  integrity sha1-iB6FROR+2XaTCDaYbl64+rJZwJA=
  dependencies:
    "@ethersproject/bytes" "^5.5.0"

"@ethersproject/basex@5.5.0", "@ethersproject/basex@^5.5.0":
  version "5.5.0"
  resolved "https://registry.npmmirror.com/@ethersproject/basex/download/@ethersproject/basex-5.5.0.tgz?cache=0&sync_timestamp=1634691116576&other_urls=https%3A%2F%2Fregistry.npmmirror.com%2F%40ethersproject%2Fbasex%2Fdownload%2F%40ethersproject%2Fbasex-5.5.0.tgz#e40a53ae6d6b09ab4d977bd037010d4bed21b4d3"
  integrity sha1-5ApTrm1rCatNl3vQNwENS+0htNM=
  dependencies:
    "@ethersproject/bytes" "^5.5.0"
    "@ethersproject/properties" "^5.5.0"

"@ethersproject/bignumber@5.5.0", "@ethersproject/bignumber@^5.5.0":
  version "5.5.0"
  resolved "https://registry.npmmirror.com/@ethersproject/bignumber/download/@ethersproject/bignumber-5.5.0.tgz?cache=0&sync_timestamp=1634691114678&other_urls=https%3A%2F%2Fregistry.npmmirror.com%2F%40ethersproject%2Fbignumber%2Fdownload%2F%40ethersproject%2Fbignumber-5.5.0.tgz#875b143f04a216f4f8b96245bde942d42d279527"
  integrity sha1-h1sUPwSiFvT4uWJFvelC1C0nlSc=
  dependencies:
    "@ethersproject/bytes" "^5.5.0"
    "@ethersproject/logger" "^5.5.0"
    bn.js "^4.11.9"

"@ethersproject/bytes@5.5.0", "@ethersproject/bytes@^5.5.0":
  version "5.5.0"
  resolved "https://registry.npmmirror.com/@ethersproject/bytes/download/@ethersproject/bytes-5.5.0.tgz?cache=0&sync_timestamp=1634691114515&other_urls=https%3A%2F%2Fregistry.npmmirror.com%2F%40ethersproject%2Fbytes%2Fdownload%2F%40ethersproject%2Fbytes-5.5.0.tgz#cb11c526de657e7b45d2e0f0246fb3b9d29a601c"
  integrity sha1-yxHFJt5lfntF0uDwJG+zudKaYBw=
  dependencies:
    "@ethersproject/logger" "^5.5.0"

"@ethersproject/constants@5.5.0", "@ethersproject/constants@^5.5.0":
  version "5.5.0"
  resolved "https://registry.npmmirror.com/@ethersproject/constants/download/@ethersproject/constants-5.5.0.tgz?cache=0&sync_timestamp=1634691115010&other_urls=https%3A%2F%2Fregistry.npmmirror.com%2F%40ethersproject%2Fconstants%2Fdownload%2F%40ethersproject%2Fconstants-5.5.0.tgz#d2a2cd7d94bd1d58377d1d66c4f53c9be4d0a45e"
  integrity sha1-0qLNfZS9HVg3fR1mxPU8m+TQpF4=
  dependencies:
    "@ethersproject/bignumber" "^5.5.0"

"@ethersproject/contracts@5.5.0":
  version "5.5.0"
  resolved "https://registry.npmmirror.com/@ethersproject/contracts/download/@ethersproject/contracts-5.5.0.tgz?cache=0&sync_timestamp=1634691119405&other_urls=https%3A%2F%2Fregistry.npmmirror.com%2F%40ethersproject%2Fcontracts%2Fdownload%2F%40ethersproject%2Fcontracts-5.5.0.tgz#b735260d4bd61283a670a82d5275e2a38892c197"
  integrity sha1-tzUmDUvWEoOmcKgtUnXio4iSwZc=
  dependencies:
    "@ethersproject/abi" "^5.5.0"
    "@ethersproject/abstract-provider" "^5.5.0"
    "@ethersproject/abstract-signer" "^5.5.0"
    "@ethersproject/address" "^5.5.0"
    "@ethersproject/bignumber" "^5.5.0"
    "@ethersproject/bytes" "^5.5.0"
    "@ethersproject/constants" "^5.5.0"
    "@ethersproject/logger" "^5.5.0"
    "@ethersproject/properties" "^5.5.0"
    "@ethersproject/transactions" "^5.5.0"

"@ethersproject/hash@5.5.0", "@ethersproject/hash@^5.5.0":
  version "5.5.0"
  resolved "https://registry.npmmirror.com/@ethersproject/hash/download/@ethersproject/hash-5.5.0.tgz?cache=0&sync_timestamp=1634691118645&other_urls=https%3A%2F%2Fregistry.npmmirror.com%2F%40ethersproject%2Fhash%2Fdownload%2F%40ethersproject%2Fhash-5.5.0.tgz#7cee76d08f88d1873574c849e0207dcb32380cc9"
  integrity sha1-fO520I+I0Yc1dMhJ4CB9yzI4DMk=
  dependencies:
    "@ethersproject/abstract-signer" "^5.5.0"
    "@ethersproject/address" "^5.5.0"
    "@ethersproject/bignumber" "^5.5.0"
    "@ethersproject/bytes" "^5.5.0"
    "@ethersproject/keccak256" "^5.5.0"
    "@ethersproject/logger" "^5.5.0"
    "@ethersproject/properties" "^5.5.0"
    "@ethersproject/strings" "^5.5.0"

"@ethersproject/hdnode@5.5.0", "@ethersproject/hdnode@^5.5.0":
  version "5.5.0"
  resolved "https://registry.npmmirror.com/@ethersproject/hdnode/download/@ethersproject/hdnode-5.5.0.tgz?cache=0&sync_timestamp=1634691120026&other_urls=https%3A%2F%2Fregistry.npmmirror.com%2F%40ethersproject%2Fhdnode%2Fdownload%2F%40ethersproject%2Fhdnode-5.5.0.tgz#4a04e28f41c546f7c978528ea1575206a200ddf6"
  integrity sha1-SgTij0HFRvfJeFKOoVdSBqIA3fY=
  dependencies:
    "@ethersproject/abstract-signer" "^5.5.0"
    "@ethersproject/basex" "^5.5.0"
    "@ethersproject/bignumber" "^5.5.0"
    "@ethersproject/bytes" "^5.5.0"
    "@ethersproject/logger" "^5.5.0"
    "@ethersproject/pbkdf2" "^5.5.0"
    "@ethersproject/properties" "^5.5.0"
    "@ethersproject/sha2" "^5.5.0"
    "@ethersproject/signing-key" "^5.5.0"
    "@ethersproject/strings" "^5.5.0"
    "@ethersproject/transactions" "^5.5.0"
    "@ethersproject/wordlists" "^5.5.0"

"@ethersproject/json-wallets@5.5.0", "@ethersproject/json-wallets@^5.5.0":
  version "5.5.0"
  resolved "https://registry.npmmirror.com/@ethersproject/json-wallets/download/@ethersproject/json-wallets-5.5.0.tgz?cache=0&sync_timestamp=1634691119846&other_urls=https%3A%2F%2Fregistry.npmmirror.com%2F%40ethersproject%2Fjson-wallets%2Fdownload%2F%40ethersproject%2Fjson-wallets-5.5.0.tgz#dd522d4297e15bccc8e1427d247ec8376b60e325"
  integrity sha1-3VItQpfhW8zI4UJ9JH7IN2tg4yU=
  dependencies:
    "@ethersproject/abstract-signer" "^5.5.0"
    "@ethersproject/address" "^5.5.0"
    "@ethersproject/bytes" "^5.5.0"
    "@ethersproject/hdnode" "^5.5.0"
    "@ethersproject/keccak256" "^5.5.0"
    "@ethersproject/logger" "^5.5.0"
    "@ethersproject/pbkdf2" "^5.5.0"
    "@ethersproject/properties" "^5.5.0"
    "@ethersproject/random" "^5.5.0"
    "@ethersproject/strings" "^5.5.0"
    "@ethersproject/transactions" "^5.5.0"
    aes-js "3.0.0"
    scrypt-js "3.0.1"

"@ethersproject/keccak256@5.5.0", "@ethersproject/keccak256@^5.5.0":
  version "5.5.0"
  resolved "https://registry.npmmirror.com/@ethersproject/keccak256/download/@ethersproject/keccak256-5.5.0.tgz?cache=0&sync_timestamp=1634691116427&other_urls=https%3A%2F%2Fregistry.npmmirror.com%2F%40ethersproject%2Fkeccak256%2Fdownload%2F%40ethersproject%2Fkeccak256-5.5.0.tgz#e4b1f9d7701da87c564ffe336f86dcee82983492"
  integrity sha1-5LH513AdqHxWT/4zb4bc7oKYNJI=
  dependencies:
    "@ethersproject/bytes" "^5.5.0"
    js-sha3 "0.8.0"

"@ethersproject/logger@5.5.0", "@ethersproject/logger@^5.5.0":
  version "5.5.0"
  resolved "https://registry.npmmirror.com/@ethersproject/logger/download/@ethersproject/logger-5.5.0.tgz?cache=0&sync_timestamp=1634691114871&other_urls=https%3A%2F%2Fregistry.npmmirror.com%2F%40ethersproject%2Flogger%2Fdownload%2F%40ethersproject%2Flogger-5.5.0.tgz#0c2caebeff98e10aefa5aef27d7441c7fd18cf5d"
  integrity sha1-DCyuvv+Y4Qrvpa7yfXRBx/0Yz10=

"@ethersproject/networks@5.5.0", "@ethersproject/networks@^5.5.0":
  version "5.5.0"
  resolved "https://registry.npmmirror.com/@ethersproject/networks/download/@ethersproject/networks-5.5.0.tgz?cache=0&sync_timestamp=1634691116281&other_urls=https%3A%2F%2Fregistry.npmmirror.com%2F%40ethersproject%2Fnetworks%2Fdownload%2F%40ethersproject%2Fnetworks-5.5.0.tgz#babec47cab892c51f8dd652ce7f2e3e14283981a"
  integrity sha1-ur7EfKuJLFH43WUs5/Lj4UKDmBo=
  dependencies:
    "@ethersproject/logger" "^5.5.0"

"@ethersproject/pbkdf2@5.5.0", "@ethersproject/pbkdf2@^5.5.0":
  version "5.5.0"
  resolved "https://registry.npmmirror.com/@ethersproject/pbkdf2/download/@ethersproject/pbkdf2-5.5.0.tgz?cache=0&sync_timestamp=1634691117067&other_urls=https%3A%2F%2Fregistry.npmmirror.com%2F%40ethersproject%2Fpbkdf2%2Fdownload%2F%40ethersproject%2Fpbkdf2-5.5.0.tgz#e25032cdf02f31505d47afbf9c3e000d95c4a050"
  integrity sha1-4lAyzfAvMVBdR6+/nD4ADZXEoFA=
  dependencies:
    "@ethersproject/bytes" "^5.5.0"
    "@ethersproject/sha2" "^5.5.0"

"@ethersproject/properties@5.5.0", "@ethersproject/properties@^5.5.0":
  version "5.5.0"
  resolved "https://registry.npmmirror.com/@ethersproject/properties/download/@ethersproject/properties-5.5.0.tgz?cache=0&sync_timestamp=1634691115324&other_urls=https%3A%2F%2Fregistry.npmmirror.com%2F%40ethersproject%2Fproperties%2Fdownload%2F%40ethersproject%2Fproperties-5.5.0.tgz#61f00f2bb83376d2071baab02245f92070c59995"
  integrity sha1-YfAPK7gzdtIHG6qwIkX5IHDFmZU=
  dependencies:
    "@ethersproject/logger" "^5.5.0"

"@ethersproject/providers@5.5.0":
  version "5.5.0"
  resolved "https://registry.npmmirror.com/@ethersproject/providers/download/@ethersproject/providers-5.5.0.tgz?cache=0&sync_timestamp=1634691119666&other_urls=https%3A%2F%2Fregistry.npmmirror.com%2F%40ethersproject%2Fproviders%2Fdownload%2F%40ethersproject%2Fproviders-5.5.0.tgz#bc2876a8fe5e0053ed9828b1f3767ae46e43758b"
  integrity sha1-vCh2qP5eAFPtmCix83Z65G5DdYs=
  dependencies:
    "@ethersproject/abstract-provider" "^5.5.0"
    "@ethersproject/abstract-signer" "^5.5.0"
    "@ethersproject/address" "^5.5.0"
    "@ethersproject/basex" "^5.5.0"
    "@ethersproject/bignumber" "^5.5.0"
    "@ethersproject/bytes" "^5.5.0"
    "@ethersproject/constants" "^5.5.0"
    "@ethersproject/hash" "^5.5.0"
    "@ethersproject/logger" "^5.5.0"
    "@ethersproject/networks" "^5.5.0"
    "@ethersproject/properties" "^5.5.0"
    "@ethersproject/random" "^5.5.0"
    "@ethersproject/rlp" "^5.5.0"
    "@ethersproject/sha2" "^5.5.0"
    "@ethersproject/strings" "^5.5.0"
    "@ethersproject/transactions" "^5.5.0"
    "@ethersproject/web" "^5.5.0"
    bech32 "1.1.4"
    ws "7.4.6"

"@ethersproject/random@5.5.0", "@ethersproject/random@^5.5.0":
  version "5.5.0"
  resolved "https://registry.npmmirror.com/@ethersproject/random/download/@ethersproject/random-5.5.0.tgz?cache=0&sync_timestamp=1634691115767&other_urls=https%3A%2F%2Fregistry.npmmirror.com%2F%40ethersproject%2Frandom%2Fdownload%2F%40ethersproject%2Frandom-5.5.0.tgz#305ed9e033ca537735365ac12eed88580b0f81f9"
  integrity sha1-MF7Z4DPKU3c1NlrBLu2IWAsPgfk=
  dependencies:
    "@ethersproject/bytes" "^5.5.0"
    "@ethersproject/logger" "^5.5.0"

"@ethersproject/rlp@5.5.0", "@ethersproject/rlp@^5.5.0":
  version "5.5.0"
  resolved "https://registry.npmmirror.com/@ethersproject/rlp/download/@ethersproject/rlp-5.5.0.tgz?cache=0&sync_timestamp=1634691116715&other_urls=https%3A%2F%2Fregistry.npmmirror.com%2F%40ethersproject%2Frlp%2Fdownload%2F%40ethersproject%2Frlp-5.5.0.tgz#530f4f608f9ca9d4f89c24ab95db58ab56ab99a0"
  integrity sha1-Uw9PYI+cqdT4nCSrldtYq1armaA=
  dependencies:
    "@ethersproject/bytes" "^5.5.0"
    "@ethersproject/logger" "^5.5.0"

"@ethersproject/sha2@5.5.0", "@ethersproject/sha2@^5.5.0":
  version "5.5.0"
  resolved "https://registry.npmmirror.com/@ethersproject/sha2/download/@ethersproject/sha2-5.5.0.tgz?cache=0&sync_timestamp=1634691116893&other_urls=https%3A%2F%2Fregistry.npmmirror.com%2F%40ethersproject%2Fsha2%2Fdownload%2F%40ethersproject%2Fsha2-5.5.0.tgz#a40a054c61f98fd9eee99af2c3cc6ff57ec24db7"
  integrity sha1-pAoFTGH5j9nu6Zryw8xv9X7CTbc=
  dependencies:
    "@ethersproject/bytes" "^5.5.0"
    "@ethersproject/logger" "^5.5.0"
    hash.js "1.1.7"

"@ethersproject/signing-key@5.5.0", "@ethersproject/signing-key@^5.5.0":
  version "5.5.0"
  resolved "https://registry.npmmirror.com/@ethersproject/signing-key/download/@ethersproject/signing-key-5.5.0.tgz?cache=0&sync_timestamp=1634691118181&other_urls=https%3A%2F%2Fregistry.npmmirror.com%2F%40ethersproject%2Fsigning-key%2Fdownload%2F%40ethersproject%2Fsigning-key-5.5.0.tgz#2aa37169ce7e01e3e80f2c14325f624c29cedbe0"
  integrity sha1-KqNxac5+AePoDywUMl9iTCnO2+A=
  dependencies:
    "@ethersproject/bytes" "^5.5.0"
    "@ethersproject/logger" "^5.5.0"
    "@ethersproject/properties" "^5.5.0"
    bn.js "^4.11.9"
    elliptic "6.5.4"
    hash.js "1.1.7"

"@ethersproject/solidity@5.5.0":
  version "5.5.0"
  resolved "https://registry.npmmirror.com/@ethersproject/solidity/download/@ethersproject/solidity-5.5.0.tgz?cache=0&sync_timestamp=1634691117421&other_urls=https%3A%2F%2Fregistry.npmmirror.com%2F%40ethersproject%2Fsolidity%2Fdownload%2F%40ethersproject%2Fsolidity-5.5.0.tgz#2662eb3e5da471b85a20531e420054278362f93f"
  integrity sha1-JmLrPl2kcbhaIFMeQgBUJ4Ni+T8=
  dependencies:
    "@ethersproject/bignumber" "^5.5.0"
    "@ethersproject/bytes" "^5.5.0"
    "@ethersproject/keccak256" "^5.5.0"
    "@ethersproject/logger" "^5.5.0"
    "@ethersproject/sha2" "^5.5.0"
    "@ethersproject/strings" "^5.5.0"

"@ethersproject/strings@5.5.0", "@ethersproject/strings@^5.5.0":
  version "5.5.0"
  resolved "https://registry.npmmirror.com/@ethersproject/strings/download/@ethersproject/strings-5.5.0.tgz?cache=0&sync_timestamp=1634691117806&other_urls=https%3A%2F%2Fregistry.npmmirror.com%2F%40ethersproject%2Fstrings%2Fdownload%2F%40ethersproject%2Fstrings-5.5.0.tgz#e6784d00ec6c57710755699003bc747e98c5d549"
  integrity sha1-5nhNAOxsV3EHVWmQA7x0fpjF1Uk=
  dependencies:
    "@ethersproject/bytes" "^5.5.0"
    "@ethersproject/constants" "^5.5.0"
    "@ethersproject/logger" "^5.5.0"

"@ethersproject/transactions@5.5.0", "@ethersproject/transactions@^5.5.0":
  version "5.5.0"
  resolved "https://registry.npmmirror.com/@ethersproject/transactions/download/@ethersproject/transactions-5.5.0.tgz?cache=0&sync_timestamp=1634691118001&other_urls=https%3A%2F%2Fregistry.npmmirror.com%2F%40ethersproject%2Ftransactions%2Fdownload%2F%40ethersproject%2Ftransactions-5.5.0.tgz#7e9bf72e97bcdf69db34fe0d59e2f4203c7a2908"
  integrity sha1-fpv3Lpe832nbNP4NWeL0IDx6KQg=
  dependencies:
    "@ethersproject/address" "^5.5.0"
    "@ethersproject/bignumber" "^5.5.0"
    "@ethersproject/bytes" "^5.5.0"
    "@ethersproject/constants" "^5.5.0"
    "@ethersproject/keccak256" "^5.5.0"
    "@ethersproject/logger" "^5.5.0"
    "@ethersproject/properties" "^5.5.0"
    "@ethersproject/rlp" "^5.5.0"
    "@ethersproject/signing-key" "^5.5.0"

"@ethersproject/units@5.5.0":
  version "5.5.0"
  resolved "https://registry.npmmirror.com/@ethersproject/units/download/@ethersproject/units-5.5.0.tgz?cache=0&sync_timestamp=1634691117604&other_urls=https%3A%2F%2Fregistry.npmmirror.com%2F%40ethersproject%2Funits%2Fdownload%2F%40ethersproject%2Funits-5.5.0.tgz#104d02db5b5dc42cc672cc4587bafb87a95ee45e"
  integrity sha1-EE0C21tdxCzGcsxFh7r7h6le5F4=
  dependencies:
    "@ethersproject/bignumber" "^5.5.0"
    "@ethersproject/constants" "^5.5.0"
    "@ethersproject/logger" "^5.5.0"

"@ethersproject/wallet@5.5.0":
  version "5.5.0"
  resolved "https://registry.npmmirror.com/@ethersproject/wallet/download/@ethersproject/wallet-5.5.0.tgz?cache=0&sync_timestamp=1634691120205&other_urls=https%3A%2F%2Fregistry.npmmirror.com%2F%40ethersproject%2Fwallet%2Fdownload%2F%40ethersproject%2Fwallet-5.5.0.tgz#322a10527a440ece593980dca6182f17d54eae75"
  integrity sha1-MioQUnpEDs5ZOYDcphgvF9VOrnU=
  dependencies:
    "@ethersproject/abstract-provider" "^5.5.0"
    "@ethersproject/abstract-signer" "^5.5.0"
    "@ethersproject/address" "^5.5.0"
    "@ethersproject/bignumber" "^5.5.0"
    "@ethersproject/bytes" "^5.5.0"
    "@ethersproject/hash" "^5.5.0"
    "@ethersproject/hdnode" "^5.5.0"
    "@ethersproject/json-wallets" "^5.5.0"
    "@ethersproject/keccak256" "^5.5.0"
    "@ethersproject/logger" "^5.5.0"
    "@ethersproject/properties" "^5.5.0"
    "@ethersproject/random" "^5.5.0"
    "@ethersproject/signing-key" "^5.5.0"
    "@ethersproject/transactions" "^5.5.0"
    "@ethersproject/wordlists" "^5.5.0"

"@ethersproject/web@5.5.0", "@ethersproject/web@^5.5.0":
  version "5.5.0"
  resolved "https://registry.npmmirror.com/@ethersproject/web/download/@ethersproject/web-5.5.0.tgz?cache=0&sync_timestamp=1634691118346&other_urls=https%3A%2F%2Fregistry.npmmirror.com%2F%40ethersproject%2Fweb%2Fdownload%2F%40ethersproject%2Fweb-5.5.0.tgz#0e5bb21a2b58fb4960a705bfc6522a6acf461e28"
  integrity sha1-DluyGitY+0lgpwW/xlIqas9GHig=
  dependencies:
    "@ethersproject/base64" "^5.5.0"
    "@ethersproject/bytes" "^5.5.0"
    "@ethersproject/logger" "^5.5.0"
    "@ethersproject/properties" "^5.5.0"
    "@ethersproject/strings" "^5.5.0"

"@ethersproject/wordlists@5.5.0", "@ethersproject/wordlists@^5.5.0":
  version "5.5.0"
  resolved "https://registry.npmmirror.com/@ethersproject/wordlists/download/@ethersproject/wordlists-5.5.0.tgz?cache=0&sync_timestamp=1634691120405&other_urls=https%3A%2F%2Fregistry.npmmirror.com%2F%40ethersproject%2Fwordlists%2Fdownload%2F%40ethersproject%2Fwordlists-5.5.0.tgz#aac74963aa43e643638e5172353d931b347d584f"
  integrity sha1-qsdJY6pD5kNjjlFyNT2TGzR9WE8=
  dependencies:
    "@ethersproject/bytes" "^5.5.0"
    "@ethersproject/hash" "^5.5.0"
    "@ethersproject/logger" "^5.5.0"
    "@ethersproject/properties" "^5.5.0"
    "@ethersproject/strings" "^5.5.0"

"@tsconfig/node10@^1.0.7":
  version "1.0.8"
  resolved "https://registry.nlark.com/@tsconfig/node10/download/@tsconfig/node10-1.0.8.tgz?cache=0&sync_timestamp=1623230253873&other_urls=https%3A%2F%2Fregistry.nlark.com%2F%40tsconfig%2Fnode10%2Fdownload%2F%40tsconfig%2Fnode10-1.0.8.tgz#c1e4e80d6f964fbecb3359c43bd48b40f7cadad9"
  integrity sha1-weToDW+WT77LM1nEO9SLQPfK2tk=

"@tsconfig/node12@^1.0.7":
  version "1.0.9"
  resolved "https://registry.nlark.com/@tsconfig/node12/download/@tsconfig/node12-1.0.9.tgz#62c1f6dee2ebd9aead80dc3afa56810e58e1a04c"
  integrity sha1-YsH23uLr2a6tgNw6+laBDljhoEw=

"@tsconfig/node14@^1.0.0":
  version "1.0.1"
  resolved "https://registry.nlark.com/@tsconfig/node14/download/@tsconfig/node14-1.0.1.tgz?cache=0&sync_timestamp=1623230252928&other_urls=https%3A%2F%2Fregistry.nlark.com%2F%40tsconfig%2Fnode14%2Fdownload%2F%40tsconfig%2Fnode14-1.0.1.tgz#95f2d167ffb9b8d2068b0b235302fafd4df711f2"
  integrity sha1-lfLRZ/+5uNIGiwsjUwL6/U33EfI=

"@tsconfig/node16@^1.0.2":
  version "1.0.2"
  resolved "https://registry.nlark.com/@tsconfig/node16/download/@tsconfig/node16-1.0.2.tgz#423c77877d0569db20e1fc80885ac4118314010e"
  integrity sha1-Qjx3h30Fadsg4fyAiFrEEYMUAQ4=

acorn-walk@^8.1.1:
  version "8.2.0"
  resolved "https://registry.nlark.com/acorn-walk/download/acorn-walk-8.2.0.tgz?cache=0&sync_timestamp=1630916588767&other_urls=https%3A%2F%2Fregistry.nlark.com%2Facorn-walk%2Fdownload%2Facorn-walk-8.2.0.tgz#741210f2e2426454508853a2f44d0ab83b7f69c1"
  integrity sha1-dBIQ8uJCZFRQiFOi9E0KuDt/acE=

acorn@^8.4.1:
  version "8.6.0"
  resolved "https://registry.npmmirror.com/acorn/download/acorn-8.6.0.tgz?cache=0&sync_timestamp=1637225522161&other_urls=https%3A%2F%2Fregistry.npmmirror.com%2Facorn%2Fdownload%2Facorn-8.6.0.tgz#e3692ba0eb1a0c83eaa4f37f5fa7368dd7142895"
  integrity sha512-U1riIR+lBSNi3IbxtaHOIKdH8sLFv3NYfNv8sg7ZsNhcfl4HF2++BfqqrNAxoCLQW1iiylOj76ecnaUxz+z9yw==

aes-js@3.0.0:
  version "3.0.0"
  resolved "https://registry.npm.taobao.org/aes-js/download/aes-js-3.0.0.tgz#e21df10ad6c2053295bcbb8dab40b09dbea87e4d"
  integrity sha1-4h3xCtbCBTKVvLuNq0Cwnb6ofk0=

arg@^4.1.0:
  version "4.1.3"
  resolved "https://registry.nlark.com/arg/download/arg-4.1.3.tgz#269fc7ad5b8e42cb63c896d5666017261c144089"
  integrity sha1-Jp/HrVuOQstjyJbVZmAXJhwUQIk=

bech32@1.1.4:
  version "1.1.4"
  resolved "https://registry.npm.taobao.org/bech32/download/bech32-1.1.4.tgz#e38c9f37bf179b8eb16ae3a772b40c356d4832e9"
  integrity sha1-44yfN78Xm46xauOncrQMNW1IMuk=

bn.js@^4.11.9:
  version "4.12.0"
  resolved "https://registry.npm.taobao.org/bn.js/download/bn.js-4.12.0.tgz#775b3f278efbb9718eec7361f483fb36fbbfea88"
  integrity sha1-d1s/J477uXGO7HNh9IP7Nvu/6og=

brorand@^1.1.0:
  version "1.1.0"
  resolved "https://registry.nlark.com/brorand/download/brorand-1.1.0.tgz#12c25efe40a45e3c323eb8675a0a0ce57b22371f"
  integrity sha1-EsJe/kCkXjwyPrhnWgoM5XsiNx8=

create-require@^1.1.0:
  version "1.1.1"
  resolved "https://registry.npm.taobao.org/create-require/download/create-require-1.1.1.tgz#c1d7e8f1e5f6cfc9ff65f9cd352d37348756c333"
  integrity sha1-wdfo8eX2z8n/ZfnNNS03NIdWwzM=

diff@^4.0.1:
  version "4.0.2"
  resolved "https://registry.nlark.com/diff/download/diff-4.0.2.tgz#60f3aecb89d5fae520c11aa19efc2bb982aade7d"
  integrity sha1-YPOuy4nV+uUgwRqhnvwruYKq3n0=

elliptic@6.5.4:
  version "6.5.4"
  resolved "https://registry.nlark.com/elliptic/download/elliptic-6.5.4.tgz#da37cebd31e79a1367e941b592ed1fbebd58abbb"
  integrity sha1-2jfOvTHnmhNn6UG1ku0fvr1Yq7s=
  dependencies:
    bn.js "^4.11.9"
    brorand "^1.1.0"
    hash.js "^1.0.0"
    hmac-drbg "^1.0.1"
    inherits "^2.0.4"
    minimalistic-assert "^1.0.1"
    minimalistic-crypto-utils "^1.0.1"

ethers@^5.5.1:
  version "5.5.1"
  resolved "https://registry.npmmirror.com/ethers/download/ethers-5.5.1.tgz#d3259a95a42557844aa543906c537106c0406fbf"
  integrity sha1-0yWalaQlV4RKpUOQbFNxBsBAb78=
  dependencies:
    "@ethersproject/abi" "5.5.0"
    "@ethersproject/abstract-provider" "5.5.1"
    "@ethersproject/abstract-signer" "5.5.0"
    "@ethersproject/address" "5.5.0"
    "@ethersproject/base64" "5.5.0"
    "@ethersproject/basex" "5.5.0"
    "@ethersproject/bignumber" "5.5.0"
    "@ethersproject/bytes" "5.5.0"
    "@ethersproject/constants" "5.5.0"
    "@ethersproject/contracts" "5.5.0"
    "@ethersproject/hash" "5.5.0"
    "@ethersproject/hdnode" "5.5.0"
    "@ethersproject/json-wallets" "5.5.0"
    "@ethersproject/keccak256" "5.5.0"
    "@ethersproject/logger" "5.5.0"
    "@ethersproject/networks" "5.5.0"
    "@ethersproject/pbkdf2" "5.5.0"
    "@ethersproject/properties" "5.5.0"
    "@ethersproject/providers" "5.5.0"
    "@ethersproject/random" "5.5.0"
    "@ethersproject/rlp" "5.5.0"
    "@ethersproject/sha2" "5.5.0"
    "@ethersproject/signing-key" "5.5.0"
    "@ethersproject/solidity" "5.5.0"
    "@ethersproject/strings" "5.5.0"
    "@ethersproject/transactions" "5.5.0"
    "@ethersproject/units" "5.5.0"
    "@ethersproject/wallet" "5.5.0"
    "@ethersproject/web" "5.5.0"
    "@ethersproject/wordlists" "5.5.0"

hash.js@1.1.7, hash.js@^1.0.0, hash.js@^1.0.3:
  version "1.1.7"
  resolved "https://registry.npm.taobao.org/hash.js/download/hash.js-1.1.7.tgz#0babca538e8d4ee4a0f8988d68866537a003cf42"
  integrity sha1-C6vKU46NTuSg+JiNaIZlN6ADz0I=
  dependencies:
    inherits "^2.0.3"
    minimalistic-assert "^1.0.1"

hmac-drbg@^1.0.1:
  version "1.0.1"
  resolved "https://registry.npm.taobao.org/hmac-drbg/download/hmac-drbg-1.0.1.tgz#d2745701025a6c775a6c545793ed502fc0c649a1"
  integrity sha1-0nRXAQJabHdabFRXk+1QL8DGSaE=
  dependencies:
    hash.js "^1.0.3"
    minimalistic-assert "^1.0.0"
    minimalistic-crypto-utils "^1.0.1"

inherits@^2.0.3, inherits@^2.0.4:
  version "2.0.4"
  resolved "https://registry.npm.taobao.org/inherits/download/inherits-2.0.4.tgz#0fa2c64f932917c3433a0ded55363aae37416b7c"
  integrity sha1-D6LGT5MpF8NDOg3tVTY6rjdBa3w=

js-sha3@0.8.0:
  version "0.8.0"
  resolved "https://registry.npm.taobao.org/js-sha3/download/js-sha3-0.8.0.tgz#b9b7a5da73afad7dedd0f8c463954cbde6818840"
  integrity sha1-ubel2nOvrX3t0PjEY5VMveaBiEA=

make-error@^1.1.1:
  version "1.3.6"
  resolved "https://registry.nlark.com/make-error/download/make-error-1.3.6.tgz#2eb2e37ea9b67c4891f684a1394799af484cf7a2"
  integrity sha1-LrLjfqm2fEiR9oShOUeZr0hM96I=

minimalistic-assert@^1.0.0, minimalistic-assert@^1.0.1:
  version "1.0.1"
  resolved "https://registry.nlark.com/minimalistic-assert/download/minimalistic-assert-1.0.1.tgz#2e194de044626d4a10e7f7fbc00ce73e83e4d5c7"
  integrity sha1-LhlN4ERibUoQ5/f7wAznPoPk1cc=

minimalistic-crypto-utils@^1.0.1:
  version "1.0.1"
  resolved "https://registry.npm.taobao.org/minimalistic-crypto-utils/download/minimalistic-crypto-utils-1.0.1.tgz#f6c00c1c0b082246e5c4d99dfb8c7c083b2b582a"
  integrity sha1-9sAMHAsIIkblxNmd+4x8CDsrWCo=

scrypt-js@3.0.1:
  version "3.0.1"
  resolved "https://registry.npm.taobao.org/scrypt-js/download/scrypt-js-3.0.1.tgz#d314a57c2aef69d1ad98a138a21fe9eafa9ee312"
  integrity sha1-0xSlfCrvadGtmKE4oh/p6vqe4xI=

ts-node@^10.4.0:
  version "10.4.0"
  resolved "https://registry.npmmirror.com/ts-node/download/ts-node-10.4.0.tgz#680f88945885f4e6cf450e7f0d6223dd404895f7"
  integrity sha1-aA+IlFiF9ObPRQ5/DWIj3UBIlfc=
  dependencies:
    "@cspotcode/source-map-support" "0.7.0"
    "@tsconfig/node10" "^1.0.7"
    "@tsconfig/node12" "^1.0.7"
    "@tsconfig/node14" "^1.0.0"
    "@tsconfig/node16" "^1.0.2"
    acorn "^8.4.1"
    acorn-walk "^8.1.1"
    arg "^4.1.0"
    create-require "^1.1.0"
    diff "^4.0.1"
    make-error "^1.1.1"
    yn "3.1.1"

typescript@^4.5.2:
  version "4.5.2"
  resolved "https://registry.npmmirror.com/typescript/download/typescript-4.5.2.tgz#8ac1fba9f52256fdb06fb89e4122fa6a346c2998"
  integrity sha512-5BlMof9H1yGt0P8/WF+wPNw6GfctgGjXp5hkblpyT+8rkASSmkUKMXrxR0Xg8ThVCi/JnHQiKXeBaEwCeQwMFw==

ws@7.4.6:
  version "7.4.6"
  resolved "https://registry.npmmirror.com/ws/download/ws-7.4.6.tgz#5654ca8ecdeee47c33a9a4bf6d28e2be2980377c"
  integrity sha1-VlTKjs3u5HwzqaS/bSjivimAN3w=

yn@3.1.1:
  version "3.1.1"
  resolved "https://registry.nlark.com/yn/download/yn-3.1.1.tgz?cache=0&sync_timestamp=1628974764210&other_urls=https%3A%2F%2Fregistry.nlark.com%2Fyn%2Fdownload%2Fyn-3.1.1.tgz#1e87401a09d767c1d5eab26a6e4c185182d2eb50"
  integrity sha1-HodAGgnXZ8HV6rJqbkwYUYLS61A=
